
Microsoft Visual Studio Solution File, Format Version 12.00
# Visual Studio Version 17
VisualStudioVersion = 17.10.35122.118
MinimumVisualStudioVersion = 10.0.40219.1
Project("{FAE04EC0-301F-11D3-BF4B-00C04F79EFBC}") = "MetodosPracticasNakov", "MetodosPracticasNakov.csproj", "{048E91F5-4B70-42FF-9DB8-13976C597DDA}"
EndProject
Global
	GlobalSection(SolutionConfigurationPlatforms) = preSolution
		Debug|Any CPU = Debug|Any CPU
		Release|Any CPU = Release|Any CPU
	EndGlobalSection
	GlobalSection(ProjectConfigurationPlatforms) = postSolution
		{048E91F5-4B70-42FF-9DB8-13976C597DDA}.Debug|Any CPU.ActiveCfg = Debug|Any CPU
		{048E91F5-4B70-42FF-9DB8-13976C597DDA}.Debug|Any CPU.Build.0 = Debug|Any CPU
		{048E91F5-4B70-42FF-9DB8-13976C597DDA}.Release|Any CPU.ActiveCfg = Release|Any CPU
		{048E91F5-4B70-42FF-9DB8-13976C597DDA}.Release|Any CPU.Build.0 = Release|Any CPU
	EndGlobalSection
	GlobalSection(SolutionProperties) = preSolution
		HideSolutionNode = FALSE
	EndGlobalSection
	GlobalSection(ExtensibilityGlobals) = postSolution
		SolutionGuid = {B6693B24-AA84-4E6F-86E0-92F421C214ED}
	EndGlobalSection
EndGlobal
